{
  "name": "myapp",
  "version": "0.1.0",
  "lockfileVersion": 1,
  "requires": true,
  "dependencies": {
    "@types/date-now": {
      "version": "1.0.3",
      "resolved": "https://registry.npmjs.org/@types/date-now/-/date-now-1.0.3.tgz",
      "integrity": "sha512-OwGN1gZBa+IJlfRWsFPxEOuBRzX5+KeiSKbqh0ykGwrjNT78jS5mNpL4B1RGIykhZfZoSOF/7hQokKAoMgbahA=="
    },
    "date-now": {
      "version": "1.0.1",
      "resolved": "https://registry.npmjs.org/date-now/-/date-now-1.0.1.tgz",
      "integrity": "sha1-u30IZDjevkGCpIX7PfP7+5nWFTw="
    }
  }
}
